
Microsoft Visual Studio Solution File, Format Version 12.00
# Visual Studio Version 17
VisualStudioVersion = 17.7.34031.279
MinimumVisualStudioVersion = 10.0.40219.1
Project("{9A19103F-16F7-4668-BE54-9A1E7A4F7556}") = "BusinessCard.ConApp", "BusinessCard.ConApp\BusinessCard.ConApp.csproj", "{F616A77B-75A7-454C-9C12-063B4D6AF3BE}"
EndProject
Project("{9A19103F-16F7-4668-BE54-9A1E7A4F7556}") = "WordShuffle.ConApp", "WordShuffle.ConApp\WordShuffle.ConApp.csproj", "{EB85588E-C792-4A47-A07A-795269B0F0ED}"
EndProject
Project("{9A19103F-16F7-4668-BE54-9A1E7A4F7556}") = "Calculator.ConApp", "Calculator.ConApp\Calculator.ConApp.csproj", "{A29491D5-45BF-44CA-B9A0-09A3AC66CE01}"
EndProject
Project("{9A19103F-16F7-4668-BE54-9A1E7A4F7556}") = "TaxCalculator.ConApp", "TaxCalculator.ConApp\TaxCalculator.ConApp.csproj", "{85F5D963-DBDB-4EDB-B663-2D698CD800FF}"
EndProject
Project("{9A19103F-16F7-4668-BE54-9A1E7A4F7556}") = "WageCalculator.ConApp", "WageCalculator.ConApp\WageCalculator.ConApp.csproj", "{47FB1721-567B-4FEA-B67B-0B2B43618C03}"
EndProject
Project("{9A19103F-16F7-4668-BE54-9A1E7A4F7556}") = "PiggyBank.ConApp", "PiggyBank.ConApp\PiggyBank.ConApp.csproj", "{BB061407-334B-4604-B73A-83C87FBA0D40}"
EndProject
Project("{9A19103F-16F7-4668-BE54-9A1E7A4F7556}") = "CurrencyConverter.ConApp", "CurrencyConverter.ConApp\CurrencyConverter.ConApp.csproj", "{A8683EC2-85FC-44DA-A1E9-B91FF95BD71F}"
EndProject
Project("{9A19103F-16F7-4668-BE54-9A1E7A4F7556}") = "VisitYourAunt.ConApp", "VisitYourAunt.ConApp\VisitYourAunt.ConApp.csproj", "{0D55CDFA-0D13-4B7A-8F2B-1B1CB624B83D}"
EndProject
Project("{9A19103F-16F7-4668-BE54-9A1E7A4F7556}") = "TemperatureCalculator´.ConApp", "TemperatureCalculator.ConApp\TemperatureCalculator´.ConApp.csproj", "{86093A91-984F-40EA-8183-CF660993023F}"
EndProject
Project("{9A19103F-16F7-4668-BE54-9A1E7A4F7556}") = "GrownUpCalculator.ConApp", "GrownUpCalculator.ConApp\GrownUpCalculator.ConApp.csproj", "{73D62E14-8633-4369-BB48-2E8D551A8CD9}"
EndProject
Project("{9A19103F-16F7-4668-BE54-9A1E7A4F7556}") = "SimpleCalculator.ConApp", "SimpleCalculator.ConApp\SimpleCalculator.ConApp.csproj", "{1EDED6C6-167B-44D7-84F8-EBDA13839C44}"
EndProject
Project("{9A19103F-16F7-4668-BE54-9A1E7A4F7556}") = "CurrencyTranslation.ConApp", "CurrencyTranslation.ConApp\CurrencyTranslation.ConApp.csproj", "{2C476092-C0A2-49CF-8D1C-3C276D656D61}"
EndProject
Project("{9A19103F-16F7-4668-BE54-9A1E7A4F7556}") = "MaxOf3Values.ConApp", "MaxOf3Values.ConApp\MaxOf3Values.ConApp.csproj", "{0E120B41-6570-4060-839E-E8D0319ACED9}"
EndProject
Project("{9A19103F-16F7-4668-BE54-9A1E7A4F7556}") = "PercentToGrade.ConApp", "PercentToGrade.ConApp\PercentToGrade.ConApp.csproj", "{20B15C3A-DDDC-4762-841C-54B14D2D4DD1}"
EndProject
Project("{9A19103F-16F7-4668-BE54-9A1E7A4F7556}") = "FuelCalculator.ConApp", "FuelCalculator.ConApp\FuelCalculator.ConApp.csproj", "{65CC3672-8924-4B9B-8FEF-E0D60D4DCD26}"
EndProject
Project("{9A19103F-16F7-4668-BE54-9A1E7A4F7556}") = "CalculatorWithSwitch.ConApp", "CalculatorWithSwitch.ConApp\CalculatorWithSwitch.ConApp.csproj", "{131A3E36-ACBE-4D9C-9D9F-D6D50DFFEAC9}"
EndProject
Project("{9A19103F-16F7-4668-BE54-9A1E7A4F7556}") = "NumberStatistics.ConApp", "NumberStatistics.ConApp\NumberStatistics.ConApp.csproj", "{AC039C0C-2B1C-42AB-96F6-9EFEC4C1E186}"
EndProject
Project("{9A19103F-16F7-4668-BE54-9A1E7A4F7556}") = "ShoppingCart.ConApp", "ShoppingCart.ConApp\ShoppingCart.ConApp.csproj", "{1ECC1433-52F0-49C1-BF61-EEBE78EDEC9A}"
EndProject
Project("{9A19103F-16F7-4668-BE54-9A1E7A4F7556}") = "CashMaschine.ConApp", "CashMaschine.ConApp\CashMaschine.ConApp.csproj", "{49FD973D-1EF8-45DE-90C6-4D5DA34E49CF}"
EndProject
Project("{9A19103F-16F7-4668-BE54-9A1E7A4F7556}") = "Dagobert.ConApp", "Dagobert.ConApp\Dagobert.ConApp.csproj", "{45E10A7C-A6CE-43DD-A1DE-7D93CA54B8AB}"
EndProject
Project("{FAE04EC0-301F-11D3-BF4B-00C04F79EFBC}") = "CaptainHook.ConApp", "CaptainHook.ConApp\CaptainHook.ConApp.csproj", "{1E54BE3A-539B-485F-936E-872DCF371FCB}"
EndProject
Project("{FAE04EC0-301F-11D3-BF4B-00C04F79EFBC}") = "VocabularyTrainer.ConApp", "VocabularyTrainer.ConApp\VocabularyTrainer.ConApp.csproj", "{151DDD85-5B23-441E-AAC0-AD721A16B49F}"
EndProject
Project("{FAE04EC0-301F-11D3-BF4B-00C04F79EFBC}") = "TowerCalculator.ConApp", "TowerCalculator.ConApp\TowerCalculator.ConApp.csproj", "{013D5F43-75FA-4F10-8800-5723A00E6DEB}"
EndProject
Project("{FAE04EC0-301F-11D3-BF4B-00C04F79EFBC}") = "NumberGuessing.ConApp", "NumberGuessing.ConApp\NumberGuessing.ConApp.csproj", "{6F6E4A47-3CCA-4298-BFF5-662B7FC17E55}"
EndProject
Project("{FAE04EC0-301F-11D3-BF4B-00C04F79EFBC}") = "Faculty.ConApp", "Faculty.ConApp\Faculty.ConApp.csproj", "{5BC8D6AF-BE76-4076-8851-AAFD6B37EC60}"
EndProject
Global
	GlobalSection(SolutionConfigurationPlatforms) = preSolution
		Debug|Any CPU = Debug|Any CPU
		Release|Any CPU = Release|Any CPU
	EndGlobalSection
	GlobalSection(ProjectConfigurationPlatforms) = postSolution
		{F616A77B-75A7-454C-9C12-063B4D6AF3BE}.Debug|Any CPU.ActiveCfg = Debug|Any CPU
		{F616A77B-75A7-454C-9C12-063B4D6AF3BE}.Debug|Any CPU.Build.0 = Debug|Any CPU
		{F616A77B-75A7-454C-9C12-063B4D6AF3BE}.Release|Any CPU.ActiveCfg = Release|Any CPU
		{F616A77B-75A7-454C-9C12-063B4D6AF3BE}.Release|Any CPU.Build.0 = Release|Any CPU
		{EB85588E-C792-4A47-A07A-795269B0F0ED}.Debug|Any CPU.ActiveCfg = Debug|Any CPU
		{EB85588E-C792-4A47-A07A-795269B0F0ED}.Debug|Any CPU.Build.0 = Debug|Any CPU
		{EB85588E-C792-4A47-A07A-795269B0F0ED}.Release|Any CPU.ActiveCfg = Release|Any CPU
		{EB85588E-C792-4A47-A07A-795269B0F0ED}.Release|Any CPU.Build.0 = Release|Any CPU
		{A29491D5-45BF-44CA-B9A0-09A3AC66CE01}.Debug|Any CPU.ActiveCfg = Debug|Any CPU
		{A29491D5-45BF-44CA-B9A0-09A3AC66CE01}.Debug|Any CPU.Build.0 = Debug|Any CPU
		{A29491D5-45BF-44CA-B9A0-09A3AC66CE01}.Release|Any CPU.ActiveCfg = Release|Any CPU
		{A29491D5-45BF-44CA-B9A0-09A3AC66CE01}.Release|Any CPU.Build.0 = Release|Any CPU
		{85F5D963-DBDB-4EDB-B663-2D698CD800FF}.Debug|Any CPU.ActiveCfg = Debug|Any CPU
		{85F5D963-DBDB-4EDB-B663-2D698CD800FF}.Debug|Any CPU.Build.0 = Debug|Any CPU
		{85F5D963-DBDB-4EDB-B663-2D698CD800FF}.Release|Any CPU.ActiveCfg = Release|Any CPU
		{85F5D963-DBDB-4EDB-B663-2D698CD800FF}.Release|Any CPU.Build.0 = Release|Any CPU
		{47FB1721-567B-4FEA-B67B-0B2B43618C03}.Debug|Any CPU.ActiveCfg = Debug|Any CPU
		{47FB1721-567B-4FEA-B67B-0B2B43618C03}.Debug|Any CPU.Build.0 = Debug|Any CPU
		{47FB1721-567B-4FEA-B67B-0B2B43618C03}.Release|Any CPU.ActiveCfg = Release|Any CPU
		{47FB1721-567B-4FEA-B67B-0B2B43618C03}.Release|Any CPU.Build.0 = Release|Any CPU
		{BB061407-334B-4604-B73A-83C87FBA0D40}.Debug|Any CPU.ActiveCfg = Debug|Any CPU
		{BB061407-334B-4604-B73A-83C87FBA0D40}.Debug|Any CPU.Build.0 = Debug|Any CPU
		{BB061407-334B-4604-B73A-83C87FBA0D40}.Release|Any CPU.ActiveCfg = Release|Any CPU
		{BB061407-334B-4604-B73A-83C87FBA0D40}.Release|Any CPU.Build.0 = Release|Any CPU
		{A8683EC2-85FC-44DA-A1E9-B91FF95BD71F}.Debug|Any CPU.ActiveCfg = Debug|Any CPU
		{A8683EC2-85FC-44DA-A1E9-B91FF95BD71F}.Debug|Any CPU.Build.0 = Debug|Any CPU
		{A8683EC2-85FC-44DA-A1E9-B91FF95BD71F}.Release|Any CPU.ActiveCfg = Release|Any CPU
		{A8683EC2-85FC-44DA-A1E9-B91FF95BD71F}.Release|Any CPU.Build.0 = Release|Any CPU
		{0D55CDFA-0D13-4B7A-8F2B-1B1CB624B83D}.Debug|Any CPU.ActiveCfg = Debug|Any CPU
		{0D55CDFA-0D13-4B7A-8F2B-1B1CB624B83D}.Debug|Any CPU.Build.0 = Debug|Any CPU
		{0D55CDFA-0D13-4B7A-8F2B-1B1CB624B83D}.Release|Any CPU.ActiveCfg = Release|Any CPU
		{0D55CDFA-0D13-4B7A-8F2B-1B1CB624B83D}.Release|Any CPU.Build.0 = Release|Any CPU
		{86093A91-984F-40EA-8183-CF660993023F}.Debug|Any CPU.ActiveCfg = Debug|Any CPU
		{86093A91-984F-40EA-8183-CF660993023F}.Debug|Any CPU.Build.0 = Debug|Any CPU
		{86093A91-984F-40EA-8183-CF660993023F}.Release|Any CPU.ActiveCfg = Release|Any CPU
		{86093A91-984F-40EA-8183-CF660993023F}.Release|Any CPU.Build.0 = Release|Any CPU
		{73D62E14-8633-4369-BB48-2E8D551A8CD9}.Debug|Any CPU.ActiveCfg = Debug|Any CPU
		{73D62E14-8633-4369-BB48-2E8D551A8CD9}.Debug|Any CPU.Build.0 = Debug|Any CPU
		{73D62E14-8633-4369-BB48-2E8D551A8CD9}.Release|Any CPU.ActiveCfg = Release|Any CPU
		{73D62E14-8633-4369-BB48-2E8D551A8CD9}.Release|Any CPU.Build.0 = Release|Any CPU
		{1EDED6C6-167B-44D7-84F8-EBDA13839C44}.Debug|Any CPU.ActiveCfg = Debug|Any CPU
		{1EDED6C6-167B-44D7-84F8-EBDA13839C44}.Debug|Any CPU.Build.0 = Debug|Any CPU
		{1EDED6C6-167B-44D7-84F8-EBDA13839C44}.Release|Any CPU.ActiveCfg = Release|Any CPU
		{1EDED6C6-167B-44D7-84F8-EBDA13839C44}.Release|Any CPU.Build.0 = Release|Any CPU
		{2C476092-C0A2-49CF-8D1C-3C276D656D61}.Debug|Any CPU.ActiveCfg = Debug|Any CPU
		{2C476092-C0A2-49CF-8D1C-3C276D656D61}.Debug|Any CPU.Build.0 = Debug|Any CPU
		{2C476092-C0A2-49CF-8D1C-3C276D656D61}.Release|Any CPU.ActiveCfg = Release|Any CPU
		{2C476092-C0A2-49CF-8D1C-3C276D656D61}.Release|Any CPU.Build.0 = Release|Any CPU
		{0E120B41-6570-4060-839E-E8D0319ACED9}.Debug|Any CPU.ActiveCfg = Debug|Any CPU
		{0E120B41-6570-4060-839E-E8D0319ACED9}.Debug|Any CPU.Build.0 = Debug|Any CPU
		{0E120B41-6570-4060-839E-E8D0319ACED9}.Release|Any CPU.ActiveCfg = Release|Any CPU
		{0E120B41-6570-4060-839E-E8D0319ACED9}.Release|Any CPU.Build.0 = Release|Any CPU
		{20B15C3A-DDDC-4762-841C-54B14D2D4DD1}.Debug|Any CPU.ActiveCfg = Debug|Any CPU
		{20B15C3A-DDDC-4762-841C-54B14D2D4DD1}.Debug|Any CPU.Build.0 = Debug|Any CPU
		{20B15C3A-DDDC-4762-841C-54B14D2D4DD1}.Release|Any CPU.ActiveCfg = Release|Any CPU
		{20B15C3A-DDDC-4762-841C-54B14D2D4DD1}.Release|Any CPU.Build.0 = Release|Any CPU
		{65CC3672-8924-4B9B-8FEF-E0D60D4DCD26}.Debug|Any CPU.ActiveCfg = Debug|Any CPU
		{65CC3672-8924-4B9B-8FEF-E0D60D4DCD26}.Debug|Any CPU.Build.0 = Debug|Any CPU
		{65CC3672-8924-4B9B-8FEF-E0D60D4DCD26}.Release|Any CPU.ActiveCfg = Release|Any CPU
		{65CC3672-8924-4B9B-8FEF-E0D60D4DCD26}.Release|Any CPU.Build.0 = Release|Any CPU
		{131A3E36-ACBE-4D9C-9D9F-D6D50DFFEAC9}.Debug|Any CPU.ActiveCfg = Debug|Any CPU
		{131A3E36-ACBE-4D9C-9D9F-D6D50DFFEAC9}.Debug|Any CPU.Build.0 = Debug|Any CPU
		{131A3E36-ACBE-4D9C-9D9F-D6D50DFFEAC9}.Release|Any CPU.ActiveCfg = Release|Any CPU
		{131A3E36-ACBE-4D9C-9D9F-D6D50DFFEAC9}.Release|Any CPU.Build.0 = Release|Any CPU
		{AC039C0C-2B1C-42AB-96F6-9EFEC4C1E186}.Debug|Any CPU.ActiveCfg = Debug|Any CPU
		{AC039C0C-2B1C-42AB-96F6-9EFEC4C1E186}.Debug|Any CPU.Build.0 = Debug|Any CPU
		{AC039C0C-2B1C-42AB-96F6-9EFEC4C1E186}.Release|Any CPU.ActiveCfg = Release|Any CPU
		{AC039C0C-2B1C-42AB-96F6-9EFEC4C1E186}.Release|Any CPU.Build.0 = Release|Any CPU
		{1ECC1433-52F0-49C1-BF61-EEBE78EDEC9A}.Debug|Any CPU.ActiveCfg = Debug|Any CPU
		{1ECC1433-52F0-49C1-BF61-EEBE78EDEC9A}.Debug|Any CPU.Build.0 = Debug|Any CPU
		{1ECC1433-52F0-49C1-BF61-EEBE78EDEC9A}.Release|Any CPU.ActiveCfg = Release|Any CPU
		{1ECC1433-52F0-49C1-BF61-EEBE78EDEC9A}.Release|Any CPU.Build.0 = Release|Any CPU
		{49FD973D-1EF8-45DE-90C6-4D5DA34E49CF}.Debug|Any CPU.ActiveCfg = Debug|Any CPU
		{49FD973D-1EF8-45DE-90C6-4D5DA34E49CF}.Debug|Any CPU.Build.0 = Debug|Any CPU
		{49FD973D-1EF8-45DE-90C6-4D5DA34E49CF}.Release|Any CPU.ActiveCfg = Release|Any CPU
		{49FD973D-1EF8-45DE-90C6-4D5DA34E49CF}.Release|Any CPU.Build.0 = Release|Any CPU
		{45E10A7C-A6CE-43DD-A1DE-7D93CA54B8AB}.Debug|Any CPU.ActiveCfg = Debug|Any CPU
		{45E10A7C-A6CE-43DD-A1DE-7D93CA54B8AB}.Debug|Any CPU.Build.0 = Debug|Any CPU
		{45E10A7C-A6CE-43DD-A1DE-7D93CA54B8AB}.Release|Any CPU.ActiveCfg = Release|Any CPU
		{45E10A7C-A6CE-43DD-A1DE-7D93CA54B8AB}.Release|Any CPU.Build.0 = Release|Any CPU
		{1E54BE3A-539B-485F-936E-872DCF371FCB}.Debug|Any CPU.ActiveCfg = Debug|Any CPU
		{1E54BE3A-539B-485F-936E-872DCF371FCB}.Debug|Any CPU.Build.0 = Debug|Any CPU
		{1E54BE3A-539B-485F-936E-872DCF371FCB}.Release|Any CPU.ActiveCfg = Release|Any CPU
		{1E54BE3A-539B-485F-936E-872DCF371FCB}.Release|Any CPU.Build.0 = Release|Any CPU
		{151DDD85-5B23-441E-AAC0-AD721A16B49F}.Debug|Any CPU.ActiveCfg = Debug|Any CPU
		{151DDD85-5B23-441E-AAC0-AD721A16B49F}.Debug|Any CPU.Build.0 = Debug|Any CPU
		{151DDD85-5B23-441E-AAC0-AD721A16B49F}.Release|Any CPU.ActiveCfg = Release|Any CPU
		{151DDD85-5B23-441E-AAC0-AD721A16B49F}.Release|Any CPU.Build.0 = Release|Any CPU
		{013D5F43-75FA-4F10-8800-5723A00E6DEB}.Debug|Any CPU.ActiveCfg = Debug|Any CPU
		{013D5F43-75FA-4F10-8800-5723A00E6DEB}.Debug|Any CPU.Build.0 = Debug|Any CPU
		{013D5F43-75FA-4F10-8800-5723A00E6DEB}.Release|Any CPU.ActiveCfg = Release|Any CPU
		{013D5F43-75FA-4F10-8800-5723A00E6DEB}.Release|Any CPU.Build.0 = Release|Any CPU
		{6F6E4A47-3CCA-4298-BFF5-662B7FC17E55}.Debug|Any CPU.ActiveCfg = Debug|Any CPU
		{6F6E4A47-3CCA-4298-BFF5-662B7FC17E55}.Debug|Any CPU.Build.0 = Debug|Any CPU
		{6F6E4A47-3CCA-4298-BFF5-662B7FC17E55}.Release|Any CPU.ActiveCfg = Release|Any CPU
		{6F6E4A47-3CCA-4298-BFF5-662B7FC17E55}.Release|Any CPU.Build.0 = Release|Any CPU
		{5BC8D6AF-BE76-4076-8851-AAFD6B37EC60}.Debug|Any CPU.ActiveCfg = Debug|Any CPU
		{5BC8D6AF-BE76-4076-8851-AAFD6B37EC60}.Debug|Any CPU.Build.0 = Debug|Any CPU
		{5BC8D6AF-BE76-4076-8851-AAFD6B37EC60}.Release|Any CPU.ActiveCfg = Release|Any CPU
		{5BC8D6AF-BE76-4076-8851-AAFD6B37EC60}.Release|Any CPU.Build.0 = Release|Any CPU
	EndGlobalSection
	GlobalSection(SolutionProperties) = preSolution
		HideSolutionNode = FALSE
	EndGlobalSection
	GlobalSection(ExtensibilityGlobals) = postSolution
		SolutionGuid = {F19C010D-0867-46B4-B44F-F21C0D5FC393}
	EndGlobalSection
EndGlobal
