
Microsoft Visual Studio Solution File, Format Version 12.00
# Visual Studio Version 17
VisualStudioVersion = 17.7.34031.279
MinimumVisualStudioVersion = 10.0.40219.1
Project("{9A19103F-16F7-4668-BE54-9A1E7A4F7556}") = "BusinessCard.ConApp", "BusinessCard.ConApp\BusinessCard.ConApp.csproj", "{F616A77B-75A7-454C-9C12-063B4D6AF3BE}"
EndProject
Project("{9A19103F-16F7-4668-BE54-9A1E7A4F7556}") = "WordShuffle.ConApp", "WordShuffle.ConApp\WordShuffle.ConApp.csproj", "{EB85588E-C792-4A47-A07A-795269B0F0ED}"
EndProject
Project("{9A19103F-16F7-4668-BE54-9A1E7A4F7556}") = "Calculator.ConApp", "Calculator.ConApp\Calculator.ConApp.csproj", "{A29491D5-45BF-44CA-B9A0-09A3AC66CE01}"
EndProject
Project("{9A19103F-16F7-4668-BE54-9A1E7A4F7556}") = "TaxCalculator.ConApp", "TaxCalculator.ConApp\TaxCalculator.ConApp.csproj", "{85F5D963-DBDB-4EDB-B663-2D698CD800FF}"
EndProject
Project("{9A19103F-16F7-4668-BE54-9A1E7A4F7556}") = "WageCalculator.ConApp", "WageCalculator.ConApp\WageCalculator.ConApp.csproj", "{47FB1721-567B-4FEA-B67B-0B2B43618C03}"
EndProject
Project("{9A19103F-16F7-4668-BE54-9A1E7A4F7556}") = "PiggyBank.ConApp", "PiggyBank.ConApp\PiggyBank.ConApp.csproj", "{BB061407-334B-4604-B73A-83C87FBA0D40}"
EndProject
Project("{9A19103F-16F7-4668-BE54-9A1E7A4F7556}") = "CurrencyConverter.ConApp", "CurrencyConverter.ConApp\CurrencyConverter.ConApp.csproj", "{A8683EC2-85FC-44DA-A1E9-B91FF95BD71F}"
EndProject
Project("{9A19103F-16F7-4668-BE54-9A1E7A4F7556}") = "VisitYourAunt.ConApp", "VisitYourAunt.ConApp\VisitYourAunt.ConApp.csproj", "{0D55CDFA-0D13-4B7A-8F2B-1B1CB624B83D}"
EndProject
Project("{9A19103F-16F7-4668-BE54-9A1E7A4F7556}") = "TemperatureCalculator´.ConApp", "TemperatureCalculator.ConApp\TemperatureCalculator´.ConApp.csproj", "{86093A91-984F-40EA-8183-CF660993023F}"
EndProject
Project("{9A19103F-16F7-4668-BE54-9A1E7A4F7556}") = "GrownUpCalculator.ConApp", "GrownUpCalculator.ConApp\GrownUpCalculator.ConApp.csproj", "{73D62E14-8633-4369-BB48-2E8D551A8CD9}"
EndProject
Project("{9A19103F-16F7-4668-BE54-9A1E7A4F7556}") = "SimpleCalculator.ConApp", "SimpleCalculator.ConApp\SimpleCalculator.ConApp.csproj", "{1EDED6C6-167B-44D7-84F8-EBDA13839C44}"
EndProject
Project("{9A19103F-16F7-4668-BE54-9A1E7A4F7556}") = "CurrencyTranslation.ConApp", "CurrencyTranslation.ConApp\CurrencyTranslation.ConApp.csproj", "{2C476092-C0A2-49CF-8D1C-3C276D656D61}"
EndProject
Project("{9A19103F-16F7-4668-BE54-9A1E7A4F7556}") = "MaxOf3Values.ConApp", "MaxOf3Values.ConApp\MaxOf3Values.ConApp.csproj", "{0E120B41-6570-4060-839E-E8D0319ACED9}"
EndProject
Project("{9A19103F-16F7-4668-BE54-9A1E7A4F7556}") = "PercentToGrade.ConApp", "PercentToGrade.ConApp\PercentToGrade.ConApp.csproj", "{20B15C3A-DDDC-4762-841C-54B14D2D4DD1}"
EndProject
Project("{9A19103F-16F7-4668-BE54-9A1E7A4F7556}") = "FuelCalculator.ConApp", "FuelCalculator.ConApp\FuelCalculator.ConApp.csproj", "{65CC3672-8924-4B9B-8FEF-E0D60D4DCD26}"
EndProject
Project("{9A19103F-16F7-4668-BE54-9A1E7A4F7556}") = "CalculatorWithSwitch.ConApp", "CalculatorWithSwitch.ConApp\CalculatorWithSwitch.ConApp.csproj", "{131A3E36-ACBE-4D9C-9D9F-D6D50DFFEAC9}"
EndProject
Project("{9A19103F-16F7-4668-BE54-9A1E7A4F7556}") = "NumberStatistics.ConApp", "NumberStatistics.ConApp\NumberStatistics.ConApp.csproj", "{AC039C0C-2B1C-42AB-96F6-9EFEC4C1E186}"
EndProject
Project("{9A19103F-16F7-4668-BE54-9A1E7A4F7556}") = "ShoppingCart.ConApp", "ShoppingCart.ConApp\ShoppingCart.ConApp.csproj", "{1ECC1433-52F0-49C1-BF61-EEBE78EDEC9A}"
EndProject
Project("{9A19103F-16F7-4668-BE54-9A1E7A4F7556}") = "CashMaschine.ConApp", "CashMaschine.ConApp\CashMaschine.ConApp.csproj", "{49FD973D-1EF8-45DE-90C6-4D5DA34E49CF}"
EndProject
Project("{9A19103F-16F7-4668-BE54-9A1E7A4F7556}") = "Dagobert.ConApp", "Dagobert.ConApp\Dagobert.ConApp.csproj", "{45E10A7C-A6CE-43DD-A1DE-7D93CA54B8AB}"
EndProject
Project("{9A19103F-16F7-4668-BE54-9A1E7A4F7556}") = "CaptainHook.ConApp", "CaptainHook.ConApp\CaptainHook.ConApp.csproj", "{1E54BE3A-539B-485F-936E-872DCF371FCB}"
EndProject
Project("{9A19103F-16F7-4668-BE54-9A1E7A4F7556}") = "VocabularyTrainer.ConApp", "VocabularyTrainer.ConApp\VocabularyTrainer.ConApp.csproj", "{151DDD85-5B23-441E-AAC0-AD721A16B49F}"
EndProject
Project("{9A19103F-16F7-4668-BE54-9A1E7A4F7556}") = "TowerCalculator.ConApp", "TowerCalculator.ConApp\TowerCalculator.ConApp.csproj", "{013D5F43-75FA-4F10-8800-5723A00E6DEB}"
EndProject
Project("{9A19103F-16F7-4668-BE54-9A1E7A4F7556}") = "NumberGuessing.ConApp", "NumberGuessing.ConApp\NumberGuessing.ConApp.csproj", "{6F6E4A47-3CCA-4298-BFF5-662B7FC17E55}"
EndProject
Project("{9A19103F-16F7-4668-BE54-9A1E7A4F7556}") = "Faculty.ConApp", "Faculty.ConApp\Faculty.ConApp.csproj", "{5BC8D6AF-BE76-4076-8851-AAFD6B37EC60}"
EndProject
Project("{9A19103F-16F7-4668-BE54-9A1E7A4F7556}") = "LogarithmusDualis.ConApp", "LogarithmusDualis.ConApp\LogarithmusDualis.ConApp.csproj", "{4FFBC6F0-B5DE-4F38-B994-1A3EA39CA45E}"
EndProject
Project("{9A19103F-16F7-4668-BE54-9A1E7A4F7556}") = "LinearMotion.ConApp", "LinearMotion.ConApp\LinearMotion.ConApp.csproj", "{84C6F4FC-056A-442B-906B-F9E4DA1D41F9}"
EndProject
Project("{9A19103F-16F7-4668-BE54-9A1E7A4F7556}") = "PrimeChecker.ConApp", "PrimeChecker.ConApp\PrimeChecker.ConApp.csproj", "{711A0E8F-9EAF-432A-A0B0-F037ED4ED1A5}"
EndProject
Project("{9A19103F-16F7-4668-BE54-9A1E7A4F7556}") = "StarSquare.ConApp", "StarSquare.ConApp\StarSquare.ConApp.csproj", "{0BAC3E43-746C-494A-AF4C-CAC59F3DA26F}"
EndProject
Project("{9A19103F-16F7-4668-BE54-9A1E7A4F7556}") = "FizzBuzz.ConApp", "FizzBuzz.ConApp\FizzBuzz.ConApp.csproj", "{0C0CE6DB-263B-40C6-BE76-193E448507B1}"
EndProject
Project("{9A19103F-16F7-4668-BE54-9A1E7A4F7556}") = "FindAllBits.ConApp", "FindAllBits.ConApp\FindAllBits.ConApp.csproj", "{F28AE9BF-74F9-49C0-AC53-DE342CEA02CA}"
EndProject
Project("{9A19103F-16F7-4668-BE54-9A1E7A4F7556}") = "StringReverse.ConApp", "StringReverse.ConApp\StringReverse.ConApp.csproj", "{4AFA749F-DF4F-48F5-B24D-8EBD2E56BF1F}"
EndProject
Project("{9A19103F-16F7-4668-BE54-9A1E7A4F7556}") = "NumberPalindrom.ConApp", "NumberPalindrom.ConApp\NumberPalindrom.ConApp.csproj", "{F3BFA0A4-2177-4BE1-B138-B342CE0D49C3}"
EndProject
Project("{9A19103F-16F7-4668-BE54-9A1E7A4F7556}") = "NumberPuzzle1.ConApp", "NumberPuzzle1.ConApp\NumberPuzzle1.ConApp.csproj", "{C81A9379-5733-49A1-BC8C-B4B9C0383EF4}"
EndProject
Project("{9A19103F-16F7-4668-BE54-9A1E7A4F7556}") = "CreditCardChecker.ConApp", "CreditCardChecker.ConApp\CreditCardChecker.ConApp.csproj", "{DCDBE1B2-2D65-46D4-8950-93E9E5A0741E}"
EndProject
Project("{9A19103F-16F7-4668-BE54-9A1E7A4F7556}") = "StringSplit.ConApp", "StringSplit.ConApp\StringSplit.ConApp.csproj", "{9CDF05BE-53BC-462B-BC99-685DE4B36287}"
EndProject
Project("{9A19103F-16F7-4668-BE54-9A1E7A4F7556}") = "DigitFilter.ConApp", "DigitFilter.ConApp\DigitFilter.ConApp.csproj", "{77F1FBB5-497B-452B-960C-EC7EE0EFE0A3}"
EndProject
Project("{9A19103F-16F7-4668-BE54-9A1E7A4F7556}") = "VocalFilter.ConApp", "VocalFilter.ConApp\VocalFilter.ConApp.csproj", "{5F13AEAF-4CF2-40E7-972F-C7AA51EF6C70}"
EndProject
Project("{9A19103F-16F7-4668-BE54-9A1E7A4F7556}") = "PrintASCII.ConApp", "PrintASCII.ConApp\PrintASCII.ConApp.csproj", "{201480AB-7433-4C63-8696-475AB75DFCBD}"
EndProject
Project("{9A19103F-16F7-4668-BE54-9A1E7A4F7556}") = "DeleteChars.ConApp", "DeleteChars.ConApp\DeleteChars.ConApp.csproj", "{E4B38412-787F-41A1-A728-99D4F1ABA8DB}"
EndProject
Project("{9A19103F-16F7-4668-BE54-9A1E7A4F7556}") = "StringSearch.ConApp", "StringSearch.ConApp\StringSearch.ConApp.csproj", "{43A53B17-5104-42E0-AFD3-6ECA4A4233B3}"
EndProject
Project("{9A19103F-16F7-4668-BE54-9A1E7A4F7556}") = "SimpleMethods.ConApp", "SimpleMethods.ConApp\SimpleMethods.ConApp.csproj", "{268EF34E-58E1-4CF0-9BC2-1A703CE40E9C}"
EndProject
Project("{9A19103F-16F7-4668-BE54-9A1E7A4F7556}") = "VocalFilterWithMethod.ConApp", "VocalFilterWithMethod.ConApp\VocalFilterWithMethod.ConApp.csproj", "{5AC06D4F-B57E-47B3-9F41-A6612EA7D314}"
EndProject
Project("{9A19103F-16F7-4668-BE54-9A1E7A4F7556}") = "ROT13.ConApp", "ROT13.ConApp\ROT13.ConApp.csproj", "{B6D82DE8-D5C3-45E0-86DE-F69606C397BC}"
EndProject
Project("{9A19103F-16F7-4668-BE54-9A1E7A4F7556}") = "CountDifferentDigits.ConApp", "CountDifferentDigits.ConApp\CountDifferentDigits.ConApp.csproj", "{1F8559DE-47D9-4DC0-B438-F929C8D39BE8}"
EndProject
Project("{9A19103F-16F7-4668-BE54-9A1E7A4F7556}") = "BinaryAdder.ConApp", "BinaryAdder.ConApp\BinaryAdder.ConApp.csproj", "{A2E77FD7-C2F5-45CF-A764-6D0A9316AA45}"
EndProject
Project("{FAE04EC0-301F-11D3-BF4B-00C04F79EFBC}") = "SkiJumpVoting.ConApp", "SkiJumpVoting.ConApp\SkiJumpVoting.ConApp.csproj", "{3CDC55C5-680B-493E-9E35-3DA86D3AE174}"
EndProject
Project("{FAE04EC0-301F-11D3-BF4B-00C04F79EFBC}") = "BigInteger.ConApp", "BigInteger.ConApp\BigInteger.ConApp.csproj", "{F6B8DE6D-530C-429C-8428-1A835DB3F571}"
EndProject
Project("{FAE04EC0-301F-11D3-BF4B-00C04F79EFBC}") = "ParkingTicketMachine.ConApp", "ParkingTicketMachine.ConApp\ParkingTicketMachine.ConApp.csproj", "{D56F3F91-1560-4531-8E46-B653B6CD4633}"
EndProject
Global
	GlobalSection(SolutionConfigurationPlatforms) = preSolution
		Debug|Any CPU = Debug|Any CPU
		Release|Any CPU = Release|Any CPU
	EndGlobalSection
	GlobalSection(ProjectConfigurationPlatforms) = postSolution
		{F616A77B-75A7-454C-9C12-063B4D6AF3BE}.Debug|Any CPU.ActiveCfg = Debug|Any CPU
		{F616A77B-75A7-454C-9C12-063B4D6AF3BE}.Debug|Any CPU.Build.0 = Debug|Any CPU
		{F616A77B-75A7-454C-9C12-063B4D6AF3BE}.Release|Any CPU.ActiveCfg = Release|Any CPU
		{F616A77B-75A7-454C-9C12-063B4D6AF3BE}.Release|Any CPU.Build.0 = Release|Any CPU
		{EB85588E-C792-4A47-A07A-795269B0F0ED}.Debug|Any CPU.ActiveCfg = Debug|Any CPU
		{EB85588E-C792-4A47-A07A-795269B0F0ED}.Debug|Any CPU.Build.0 = Debug|Any CPU
		{EB85588E-C792-4A47-A07A-795269B0F0ED}.Release|Any CPU.ActiveCfg = Release|Any CPU
		{EB85588E-C792-4A47-A07A-795269B0F0ED}.Release|Any CPU.Build.0 = Release|Any CPU
		{A29491D5-45BF-44CA-B9A0-09A3AC66CE01}.Debug|Any CPU.ActiveCfg = Debug|Any CPU
		{A29491D5-45BF-44CA-B9A0-09A3AC66CE01}.Debug|Any CPU.Build.0 = Debug|Any CPU
		{A29491D5-45BF-44CA-B9A0-09A3AC66CE01}.Release|Any CPU.ActiveCfg = Release|Any CPU
		{A29491D5-45BF-44CA-B9A0-09A3AC66CE01}.Release|Any CPU.Build.0 = Release|Any CPU
		{85F5D963-DBDB-4EDB-B663-2D698CD800FF}.Debug|Any CPU.ActiveCfg = Debug|Any CPU
		{85F5D963-DBDB-4EDB-B663-2D698CD800FF}.Debug|Any CPU.Build.0 = Debug|Any CPU
		{85F5D963-DBDB-4EDB-B663-2D698CD800FF}.Release|Any CPU.ActiveCfg = Release|Any CPU
		{85F5D963-DBDB-4EDB-B663-2D698CD800FF}.Release|Any CPU.Build.0 = Release|Any CPU
		{47FB1721-567B-4FEA-B67B-0B2B43618C03}.Debug|Any CPU.ActiveCfg = Debug|Any CPU
		{47FB1721-567B-4FEA-B67B-0B2B43618C03}.Debug|Any CPU.Build.0 = Debug|Any CPU
		{47FB1721-567B-4FEA-B67B-0B2B43618C03}.Release|Any CPU.ActiveCfg = Release|Any CPU
		{47FB1721-567B-4FEA-B67B-0B2B43618C03}.Release|Any CPU.Build.0 = Release|Any CPU
		{BB061407-334B-4604-B73A-83C87FBA0D40}.Debug|Any CPU.ActiveCfg = Debug|Any CPU
		{BB061407-334B-4604-B73A-83C87FBA0D40}.Debug|Any CPU.Build.0 = Debug|Any CPU
		{BB061407-334B-4604-B73A-83C87FBA0D40}.Release|Any CPU.ActiveCfg = Release|Any CPU
		{BB061407-334B-4604-B73A-83C87FBA0D40}.Release|Any CPU.Build.0 = Release|Any CPU
		{A8683EC2-85FC-44DA-A1E9-B91FF95BD71F}.Debug|Any CPU.ActiveCfg = Debug|Any CPU
		{A8683EC2-85FC-44DA-A1E9-B91FF95BD71F}.Debug|Any CPU.Build.0 = Debug|Any CPU
		{A8683EC2-85FC-44DA-A1E9-B91FF95BD71F}.Release|Any CPU.ActiveCfg = Release|Any CPU
		{A8683EC2-85FC-44DA-A1E9-B91FF95BD71F}.Release|Any CPU.Build.0 = Release|Any CPU
		{0D55CDFA-0D13-4B7A-8F2B-1B1CB624B83D}.Debug|Any CPU.ActiveCfg = Debug|Any CPU
		{0D55CDFA-0D13-4B7A-8F2B-1B1CB624B83D}.Debug|Any CPU.Build.0 = Debug|Any CPU
		{0D55CDFA-0D13-4B7A-8F2B-1B1CB624B83D}.Release|Any CPU.ActiveCfg = Release|Any CPU
		{0D55CDFA-0D13-4B7A-8F2B-1B1CB624B83D}.Release|Any CPU.Build.0 = Release|Any CPU
		{86093A91-984F-40EA-8183-CF660993023F}.Debug|Any CPU.ActiveCfg = Debug|Any CPU
		{86093A91-984F-40EA-8183-CF660993023F}.Debug|Any CPU.Build.0 = Debug|Any CPU
		{86093A91-984F-40EA-8183-CF660993023F}.Release|Any CPU.ActiveCfg = Release|Any CPU
		{86093A91-984F-40EA-8183-CF660993023F}.Release|Any CPU.Build.0 = Release|Any CPU
		{73D62E14-8633-4369-BB48-2E8D551A8CD9}.Debug|Any CPU.ActiveCfg = Debug|Any CPU
		{73D62E14-8633-4369-BB48-2E8D551A8CD9}.Debug|Any CPU.Build.0 = Debug|Any CPU
		{73D62E14-8633-4369-BB48-2E8D551A8CD9}.Release|Any CPU.ActiveCfg = Release|Any CPU
		{73D62E14-8633-4369-BB48-2E8D551A8CD9}.Release|Any CPU.Build.0 = Release|Any CPU
		{1EDED6C6-167B-44D7-84F8-EBDA13839C44}.Debug|Any CPU.ActiveCfg = Debug|Any CPU
		{1EDED6C6-167B-44D7-84F8-EBDA13839C44}.Debug|Any CPU.Build.0 = Debug|Any CPU
		{1EDED6C6-167B-44D7-84F8-EBDA13839C44}.Release|Any CPU.ActiveCfg = Release|Any CPU
		{1EDED6C6-167B-44D7-84F8-EBDA13839C44}.Release|Any CPU.Build.0 = Release|Any CPU
		{2C476092-C0A2-49CF-8D1C-3C276D656D61}.Debug|Any CPU.ActiveCfg = Debug|Any CPU
		{2C476092-C0A2-49CF-8D1C-3C276D656D61}.Debug|Any CPU.Build.0 = Debug|Any CPU
		{2C476092-C0A2-49CF-8D1C-3C276D656D61}.Release|Any CPU.ActiveCfg = Release|Any CPU
		{2C476092-C0A2-49CF-8D1C-3C276D656D61}.Release|Any CPU.Build.0 = Release|Any CPU
		{0E120B41-6570-4060-839E-E8D0319ACED9}.Debug|Any CPU.ActiveCfg = Debug|Any CPU
		{0E120B41-6570-4060-839E-E8D0319ACED9}.Debug|Any CPU.Build.0 = Debug|Any CPU
		{0E120B41-6570-4060-839E-E8D0319ACED9}.Release|Any CPU.ActiveCfg = Release|Any CPU
		{0E120B41-6570-4060-839E-E8D0319ACED9}.Release|Any CPU.Build.0 = Release|Any CPU
		{20B15C3A-DDDC-4762-841C-54B14D2D4DD1}.Debug|Any CPU.ActiveCfg = Debug|Any CPU
		{20B15C3A-DDDC-4762-841C-54B14D2D4DD1}.Debug|Any CPU.Build.0 = Debug|Any CPU
		{20B15C3A-DDDC-4762-841C-54B14D2D4DD1}.Release|Any CPU.ActiveCfg = Release|Any CPU
		{20B15C3A-DDDC-4762-841C-54B14D2D4DD1}.Release|Any CPU.Build.0 = Release|Any CPU
		{65CC3672-8924-4B9B-8FEF-E0D60D4DCD26}.Debug|Any CPU.ActiveCfg = Debug|Any CPU
		{65CC3672-8924-4B9B-8FEF-E0D60D4DCD26}.Debug|Any CPU.Build.0 = Debug|Any CPU
		{65CC3672-8924-4B9B-8FEF-E0D60D4DCD26}.Release|Any CPU.ActiveCfg = Release|Any CPU
		{65CC3672-8924-4B9B-8FEF-E0D60D4DCD26}.Release|Any CPU.Build.0 = Release|Any CPU
		{131A3E36-ACBE-4D9C-9D9F-D6D50DFFEAC9}.Debug|Any CPU.ActiveCfg = Debug|Any CPU
		{131A3E36-ACBE-4D9C-9D9F-D6D50DFFEAC9}.Debug|Any CPU.Build.0 = Debug|Any CPU
		{131A3E36-ACBE-4D9C-9D9F-D6D50DFFEAC9}.Release|Any CPU.ActiveCfg = Release|Any CPU
		{131A3E36-ACBE-4D9C-9D9F-D6D50DFFEAC9}.Release|Any CPU.Build.0 = Release|Any CPU
		{AC039C0C-2B1C-42AB-96F6-9EFEC4C1E186}.Debug|Any CPU.ActiveCfg = Debug|Any CPU
		{AC039C0C-2B1C-42AB-96F6-9EFEC4C1E186}.Debug|Any CPU.Build.0 = Debug|Any CPU
		{AC039C0C-2B1C-42AB-96F6-9EFEC4C1E186}.Release|Any CPU.ActiveCfg = Release|Any CPU
		{AC039C0C-2B1C-42AB-96F6-9EFEC4C1E186}.Release|Any CPU.Build.0 = Release|Any CPU
		{1ECC1433-52F0-49C1-BF61-EEBE78EDEC9A}.Debug|Any CPU.ActiveCfg = Debug|Any CPU
		{1ECC1433-52F0-49C1-BF61-EEBE78EDEC9A}.Debug|Any CPU.Build.0 = Debug|Any CPU
		{1ECC1433-52F0-49C1-BF61-EEBE78EDEC9A}.Release|Any CPU.ActiveCfg = Release|Any CPU
		{1ECC1433-52F0-49C1-BF61-EEBE78EDEC9A}.Release|Any CPU.Build.0 = Release|Any CPU
		{49FD973D-1EF8-45DE-90C6-4D5DA34E49CF}.Debug|Any CPU.ActiveCfg = Debug|Any CPU
		{49FD973D-1EF8-45DE-90C6-4D5DA34E49CF}.Debug|Any CPU.Build.0 = Debug|Any CPU
		{49FD973D-1EF8-45DE-90C6-4D5DA34E49CF}.Release|Any CPU.ActiveCfg = Release|Any CPU
		{49FD973D-1EF8-45DE-90C6-4D5DA34E49CF}.Release|Any CPU.Build.0 = Release|Any CPU
		{45E10A7C-A6CE-43DD-A1DE-7D93CA54B8AB}.Debug|Any CPU.ActiveCfg = Debug|Any CPU
		{45E10A7C-A6CE-43DD-A1DE-7D93CA54B8AB}.Debug|Any CPU.Build.0 = Debug|Any CPU
		{45E10A7C-A6CE-43DD-A1DE-7D93CA54B8AB}.Release|Any CPU.ActiveCfg = Release|Any CPU
		{45E10A7C-A6CE-43DD-A1DE-7D93CA54B8AB}.Release|Any CPU.Build.0 = Release|Any CPU
		{1E54BE3A-539B-485F-936E-872DCF371FCB}.Debug|Any CPU.ActiveCfg = Debug|Any CPU
		{1E54BE3A-539B-485F-936E-872DCF371FCB}.Debug|Any CPU.Build.0 = Debug|Any CPU
		{1E54BE3A-539B-485F-936E-872DCF371FCB}.Release|Any CPU.ActiveCfg = Release|Any CPU
		{1E54BE3A-539B-485F-936E-872DCF371FCB}.Release|Any CPU.Build.0 = Release|Any CPU
		{151DDD85-5B23-441E-AAC0-AD721A16B49F}.Debug|Any CPU.ActiveCfg = Debug|Any CPU
		{151DDD85-5B23-441E-AAC0-AD721A16B49F}.Debug|Any CPU.Build.0 = Debug|Any CPU
		{151DDD85-5B23-441E-AAC0-AD721A16B49F}.Release|Any CPU.ActiveCfg = Release|Any CPU
		{151DDD85-5B23-441E-AAC0-AD721A16B49F}.Release|Any CPU.Build.0 = Release|Any CPU
		{013D5F43-75FA-4F10-8800-5723A00E6DEB}.Debug|Any CPU.ActiveCfg = Debug|Any CPU
		{013D5F43-75FA-4F10-8800-5723A00E6DEB}.Debug|Any CPU.Build.0 = Debug|Any CPU
		{013D5F43-75FA-4F10-8800-5723A00E6DEB}.Release|Any CPU.ActiveCfg = Release|Any CPU
		{013D5F43-75FA-4F10-8800-5723A00E6DEB}.Release|Any CPU.Build.0 = Release|Any CPU
		{6F6E4A47-3CCA-4298-BFF5-662B7FC17E55}.Debug|Any CPU.ActiveCfg = Debug|Any CPU
		{6F6E4A47-3CCA-4298-BFF5-662B7FC17E55}.Debug|Any CPU.Build.0 = Debug|Any CPU
		{6F6E4A47-3CCA-4298-BFF5-662B7FC17E55}.Release|Any CPU.ActiveCfg = Release|Any CPU
		{6F6E4A47-3CCA-4298-BFF5-662B7FC17E55}.Release|Any CPU.Build.0 = Release|Any CPU
		{5BC8D6AF-BE76-4076-8851-AAFD6B37EC60}.Debug|Any CPU.ActiveCfg = Debug|Any CPU
		{5BC8D6AF-BE76-4076-8851-AAFD6B37EC60}.Debug|Any CPU.Build.0 = Debug|Any CPU
		{5BC8D6AF-BE76-4076-8851-AAFD6B37EC60}.Release|Any CPU.ActiveCfg = Release|Any CPU
		{5BC8D6AF-BE76-4076-8851-AAFD6B37EC60}.Release|Any CPU.Build.0 = Release|Any CPU
		{4FFBC6F0-B5DE-4F38-B994-1A3EA39CA45E}.Debug|Any CPU.ActiveCfg = Debug|Any CPU
		{4FFBC6F0-B5DE-4F38-B994-1A3EA39CA45E}.Debug|Any CPU.Build.0 = Debug|Any CPU
		{4FFBC6F0-B5DE-4F38-B994-1A3EA39CA45E}.Release|Any CPU.ActiveCfg = Release|Any CPU
		{4FFBC6F0-B5DE-4F38-B994-1A3EA39CA45E}.Release|Any CPU.Build.0 = Release|Any CPU
		{84C6F4FC-056A-442B-906B-F9E4DA1D41F9}.Debug|Any CPU.ActiveCfg = Debug|Any CPU
		{84C6F4FC-056A-442B-906B-F9E4DA1D41F9}.Debug|Any CPU.Build.0 = Debug|Any CPU
		{84C6F4FC-056A-442B-906B-F9E4DA1D41F9}.Release|Any CPU.ActiveCfg = Release|Any CPU
		{84C6F4FC-056A-442B-906B-F9E4DA1D41F9}.Release|Any CPU.Build.0 = Release|Any CPU
		{711A0E8F-9EAF-432A-A0B0-F037ED4ED1A5}.Debug|Any CPU.ActiveCfg = Debug|Any CPU
		{711A0E8F-9EAF-432A-A0B0-F037ED4ED1A5}.Debug|Any CPU.Build.0 = Debug|Any CPU
		{711A0E8F-9EAF-432A-A0B0-F037ED4ED1A5}.Release|Any CPU.ActiveCfg = Release|Any CPU
		{711A0E8F-9EAF-432A-A0B0-F037ED4ED1A5}.Release|Any CPU.Build.0 = Release|Any CPU
		{0BAC3E43-746C-494A-AF4C-CAC59F3DA26F}.Debug|Any CPU.ActiveCfg = Debug|Any CPU
		{0BAC3E43-746C-494A-AF4C-CAC59F3DA26F}.Debug|Any CPU.Build.0 = Debug|Any CPU
		{0BAC3E43-746C-494A-AF4C-CAC59F3DA26F}.Release|Any CPU.ActiveCfg = Release|Any CPU
		{0BAC3E43-746C-494A-AF4C-CAC59F3DA26F}.Release|Any CPU.Build.0 = Release|Any CPU
		{0C0CE6DB-263B-40C6-BE76-193E448507B1}.Debug|Any CPU.ActiveCfg = Debug|Any CPU
		{0C0CE6DB-263B-40C6-BE76-193E448507B1}.Debug|Any CPU.Build.0 = Debug|Any CPU
		{0C0CE6DB-263B-40C6-BE76-193E448507B1}.Release|Any CPU.ActiveCfg = Release|Any CPU
		{0C0CE6DB-263B-40C6-BE76-193E448507B1}.Release|Any CPU.Build.0 = Release|Any CPU
		{F28AE9BF-74F9-49C0-AC53-DE342CEA02CA}.Debug|Any CPU.ActiveCfg = Debug|Any CPU
		{F28AE9BF-74F9-49C0-AC53-DE342CEA02CA}.Debug|Any CPU.Build.0 = Debug|Any CPU
		{F28AE9BF-74F9-49C0-AC53-DE342CEA02CA}.Release|Any CPU.ActiveCfg = Release|Any CPU
		{F28AE9BF-74F9-49C0-AC53-DE342CEA02CA}.Release|Any CPU.Build.0 = Release|Any CPU
		{4AFA749F-DF4F-48F5-B24D-8EBD2E56BF1F}.Debug|Any CPU.ActiveCfg = Debug|Any CPU
		{4AFA749F-DF4F-48F5-B24D-8EBD2E56BF1F}.Debug|Any CPU.Build.0 = Debug|Any CPU
		{4AFA749F-DF4F-48F5-B24D-8EBD2E56BF1F}.Release|Any CPU.ActiveCfg = Release|Any CPU
		{4AFA749F-DF4F-48F5-B24D-8EBD2E56BF1F}.Release|Any CPU.Build.0 = Release|Any CPU
		{F3BFA0A4-2177-4BE1-B138-B342CE0D49C3}.Debug|Any CPU.ActiveCfg = Debug|Any CPU
		{F3BFA0A4-2177-4BE1-B138-B342CE0D49C3}.Debug|Any CPU.Build.0 = Debug|Any CPU
		{F3BFA0A4-2177-4BE1-B138-B342CE0D49C3}.Release|Any CPU.ActiveCfg = Release|Any CPU
		{F3BFA0A4-2177-4BE1-B138-B342CE0D49C3}.Release|Any CPU.Build.0 = Release|Any CPU
		{C81A9379-5733-49A1-BC8C-B4B9C0383EF4}.Debug|Any CPU.ActiveCfg = Debug|Any CPU
		{C81A9379-5733-49A1-BC8C-B4B9C0383EF4}.Debug|Any CPU.Build.0 = Debug|Any CPU
		{C81A9379-5733-49A1-BC8C-B4B9C0383EF4}.Release|Any CPU.ActiveCfg = Release|Any CPU
		{C81A9379-5733-49A1-BC8C-B4B9C0383EF4}.Release|Any CPU.Build.0 = Release|Any CPU
		{DCDBE1B2-2D65-46D4-8950-93E9E5A0741E}.Debug|Any CPU.ActiveCfg = Debug|Any CPU
		{DCDBE1B2-2D65-46D4-8950-93E9E5A0741E}.Debug|Any CPU.Build.0 = Debug|Any CPU
		{DCDBE1B2-2D65-46D4-8950-93E9E5A0741E}.Release|Any CPU.ActiveCfg = Release|Any CPU
		{DCDBE1B2-2D65-46D4-8950-93E9E5A0741E}.Release|Any CPU.Build.0 = Release|Any CPU
		{9CDF05BE-53BC-462B-BC99-685DE4B36287}.Debug|Any CPU.ActiveCfg = Debug|Any CPU
		{9CDF05BE-53BC-462B-BC99-685DE4B36287}.Debug|Any CPU.Build.0 = Debug|Any CPU
		{9CDF05BE-53BC-462B-BC99-685DE4B36287}.Release|Any CPU.ActiveCfg = Release|Any CPU
		{9CDF05BE-53BC-462B-BC99-685DE4B36287}.Release|Any CPU.Build.0 = Release|Any CPU
		{77F1FBB5-497B-452B-960C-EC7EE0EFE0A3}.Debug|Any CPU.ActiveCfg = Debug|Any CPU
		{77F1FBB5-497B-452B-960C-EC7EE0EFE0A3}.Debug|Any CPU.Build.0 = Debug|Any CPU
		{77F1FBB5-497B-452B-960C-EC7EE0EFE0A3}.Release|Any CPU.ActiveCfg = Release|Any CPU
		{77F1FBB5-497B-452B-960C-EC7EE0EFE0A3}.Release|Any CPU.Build.0 = Release|Any CPU
		{5F13AEAF-4CF2-40E7-972F-C7AA51EF6C70}.Debug|Any CPU.ActiveCfg = Debug|Any CPU
		{5F13AEAF-4CF2-40E7-972F-C7AA51EF6C70}.Debug|Any CPU.Build.0 = Debug|Any CPU
		{5F13AEAF-4CF2-40E7-972F-C7AA51EF6C70}.Release|Any CPU.ActiveCfg = Release|Any CPU
		{5F13AEAF-4CF2-40E7-972F-C7AA51EF6C70}.Release|Any CPU.Build.0 = Release|Any CPU
		{201480AB-7433-4C63-8696-475AB75DFCBD}.Debug|Any CPU.ActiveCfg = Debug|Any CPU
		{201480AB-7433-4C63-8696-475AB75DFCBD}.Debug|Any CPU.Build.0 = Debug|Any CPU
		{201480AB-7433-4C63-8696-475AB75DFCBD}.Release|Any CPU.ActiveCfg = Release|Any CPU
		{201480AB-7433-4C63-8696-475AB75DFCBD}.Release|Any CPU.Build.0 = Release|Any CPU
		{E4B38412-787F-41A1-A728-99D4F1ABA8DB}.Debug|Any CPU.ActiveCfg = Debug|Any CPU
		{E4B38412-787F-41A1-A728-99D4F1ABA8DB}.Debug|Any CPU.Build.0 = Debug|Any CPU
		{E4B38412-787F-41A1-A728-99D4F1ABA8DB}.Release|Any CPU.ActiveCfg = Release|Any CPU
		{E4B38412-787F-41A1-A728-99D4F1ABA8DB}.Release|Any CPU.Build.0 = Release|Any CPU
		{43A53B17-5104-42E0-AFD3-6ECA4A4233B3}.Debug|Any CPU.ActiveCfg = Debug|Any CPU
		{43A53B17-5104-42E0-AFD3-6ECA4A4233B3}.Debug|Any CPU.Build.0 = Debug|Any CPU
		{43A53B17-5104-42E0-AFD3-6ECA4A4233B3}.Release|Any CPU.ActiveCfg = Release|Any CPU
		{43A53B17-5104-42E0-AFD3-6ECA4A4233B3}.Release|Any CPU.Build.0 = Release|Any CPU
		{268EF34E-58E1-4CF0-9BC2-1A703CE40E9C}.Debug|Any CPU.ActiveCfg = Debug|Any CPU
		{268EF34E-58E1-4CF0-9BC2-1A703CE40E9C}.Debug|Any CPU.Build.0 = Debug|Any CPU
		{268EF34E-58E1-4CF0-9BC2-1A703CE40E9C}.Release|Any CPU.ActiveCfg = Release|Any CPU
		{268EF34E-58E1-4CF0-9BC2-1A703CE40E9C}.Release|Any CPU.Build.0 = Release|Any CPU
		{5AC06D4F-B57E-47B3-9F41-A6612EA7D314}.Debug|Any CPU.ActiveCfg = Debug|Any CPU
		{5AC06D4F-B57E-47B3-9F41-A6612EA7D314}.Debug|Any CPU.Build.0 = Debug|Any CPU
		{5AC06D4F-B57E-47B3-9F41-A6612EA7D314}.Release|Any CPU.ActiveCfg = Release|Any CPU
		{5AC06D4F-B57E-47B3-9F41-A6612EA7D314}.Release|Any CPU.Build.0 = Release|Any CPU
		{B6D82DE8-D5C3-45E0-86DE-F69606C397BC}.Debug|Any CPU.ActiveCfg = Debug|Any CPU
		{B6D82DE8-D5C3-45E0-86DE-F69606C397BC}.Debug|Any CPU.Build.0 = Debug|Any CPU
		{B6D82DE8-D5C3-45E0-86DE-F69606C397BC}.Release|Any CPU.ActiveCfg = Release|Any CPU
		{B6D82DE8-D5C3-45E0-86DE-F69606C397BC}.Release|Any CPU.Build.0 = Release|Any CPU
		{1F8559DE-47D9-4DC0-B438-F929C8D39BE8}.Debug|Any CPU.ActiveCfg = Debug|Any CPU
		{1F8559DE-47D9-4DC0-B438-F929C8D39BE8}.Debug|Any CPU.Build.0 = Debug|Any CPU
		{1F8559DE-47D9-4DC0-B438-F929C8D39BE8}.Release|Any CPU.ActiveCfg = Release|Any CPU
		{1F8559DE-47D9-4DC0-B438-F929C8D39BE8}.Release|Any CPU.Build.0 = Release|Any CPU
		{A2E77FD7-C2F5-45CF-A764-6D0A9316AA45}.Debug|Any CPU.ActiveCfg = Debug|Any CPU
		{A2E77FD7-C2F5-45CF-A764-6D0A9316AA45}.Debug|Any CPU.Build.0 = Debug|Any CPU
		{A2E77FD7-C2F5-45CF-A764-6D0A9316AA45}.Release|Any CPU.ActiveCfg = Release|Any CPU
		{A2E77FD7-C2F5-45CF-A764-6D0A9316AA45}.Release|Any CPU.Build.0 = Release|Any CPU
		{3CDC55C5-680B-493E-9E35-3DA86D3AE174}.Debug|Any CPU.ActiveCfg = Debug|Any CPU
		{3CDC55C5-680B-493E-9E35-3DA86D3AE174}.Debug|Any CPU.Build.0 = Debug|Any CPU
		{3CDC55C5-680B-493E-9E35-3DA86D3AE174}.Release|Any CPU.ActiveCfg = Release|Any CPU
		{3CDC55C5-680B-493E-9E35-3DA86D3AE174}.Release|Any CPU.Build.0 = Release|Any CPU
		{F6B8DE6D-530C-429C-8428-1A835DB3F571}.Debug|Any CPU.ActiveCfg = Debug|Any CPU
		{F6B8DE6D-530C-429C-8428-1A835DB3F571}.Debug|Any CPU.Build.0 = Debug|Any CPU
		{F6B8DE6D-530C-429C-8428-1A835DB3F571}.Release|Any CPU.ActiveCfg = Release|Any CPU
		{F6B8DE6D-530C-429C-8428-1A835DB3F571}.Release|Any CPU.Build.0 = Release|Any CPU
		{D56F3F91-1560-4531-8E46-B653B6CD4633}.Debug|Any CPU.ActiveCfg = Debug|Any CPU
		{D56F3F91-1560-4531-8E46-B653B6CD4633}.Debug|Any CPU.Build.0 = Debug|Any CPU
		{D56F3F91-1560-4531-8E46-B653B6CD4633}.Release|Any CPU.ActiveCfg = Release|Any CPU
		{D56F3F91-1560-4531-8E46-B653B6CD4633}.Release|Any CPU.Build.0 = Release|Any CPU
	EndGlobalSection
	GlobalSection(SolutionProperties) = preSolution
		HideSolutionNode = FALSE
	EndGlobalSection
	GlobalSection(ExtensibilityGlobals) = postSolution
		SolutionGuid = {F19C010D-0867-46B4-B44F-F21C0D5FC393}
	EndGlobalSection
EndGlobal
